// !$*UTF8*$!
{
	archiveVersion = 1;
	classes = {
	};
	objectVersion = 48;
	objects = {

/* Begin PBXBuildFile section */
		D730F1A61F992C6200C54FF8 /* ImageCaptureProcessor.swift in Sources */ = {isa = PBXBuildFile; fileRef = D730F1A51F992C6200C54FF8 /* ImageCaptureProcessor.swift */; };
		D753BC071F8F9F4F00105F22 /* CameraViewError.swift in Sources */ = {isa = PBXBuildFile; fileRef = D753BC061F8F9F4F00105F22 /* CameraViewError.swift */; };
		D753BC091F8FABA700105F22 /* CameraFlash.swift in Sources */ = {isa = PBXBuildFile; fileRef = D753BC081F8FABA700105F22 /* CameraFlash.swift */; };
		D7A883241F740DDC00BB1763 /* CameraView.swift in Sources */ = {isa = PBXBuildFile; fileRef = D7A883231F740DDC00BB1763 /* CameraView.swift */; };
		D7AF39991F7159EA006AFEFA /* AppDelegate.swift in Sources */ = {isa = PBXBuildFile; fileRef = D7AF39981F7159EA006AFEFA /* AppDelegate.swift */; };
		D7AF399B1F7159EA006AFEFA /* LandingVC.swift in Sources */ = {isa = PBXBuildFile; fileRef = D7AF399A1F7159EA006AFEFA /* LandingVC.swift */; };
		D7AF39A01F7159EA006AFEFA /* Assets.xcassets in Resources */ = {isa = PBXBuildFile; fileRef = D7AF399F1F7159EA006AFEFA /* Assets.xcassets */; };
		D7AF39A31F7159EA006AFEFA /* LaunchScreen.storyboard in Resources */ = {isa = PBXBuildFile; fileRef = D7AF39A11F7159EA006AFEFA /* LaunchScreen.storyboard */; };
		D7AF39AE1F7159EA006AFEFA /* AugmentedFoodTests.swift in Sources */ = {isa = PBXBuildFile; fileRef = D7AF39AD1F7159EA006AFEFA /* AugmentedFoodTests.swift */; };
		D7AF39B91F7159EA006AFEFA /* AugmentedFoodUITests.swift in Sources */ = {isa = PBXBuildFile; fileRef = D7AF39B81F7159EA006AFEFA /* AugmentedFoodUITests.swift */; };
		D7DE4A611F7A83DE00200FC3 /* Resnet50.mlmodel in Sources */ = {isa = PBXBuildFile; fileRef = D7A883251F740E1500BB1763 /* Resnet50.mlmodel */; };
/* End PBXBuildFile section */

/* Begin PBXContainerItemProxy section */
		D7AF39AA1F7159EA006AFEFA /* PBXContainerItemProxy */ = {
			isa = PBXContainerItemProxy;
			containerPortal = D7AF398D1F7159EA006AFEFA /* Project object */;
			proxyType = 1;
			remoteGlobalIDString = D7AF39941F7159EA006AFEFA;
			remoteInfo = AugmentedFood;
		};
		D7AF39B51F7159EA006AFEFA /* PBXContainerItemProxy */ = {
			isa = PBXContainerItemProxy;
			containerPortal = D7AF398D1F7159EA006AFEFA /* Project object */;
			proxyType = 1;
			remoteGlobalIDString = D7AF39941F7159EA006AFEFA;
			remoteInfo = AugmentedFood;
		};
/* End PBXContainerItemProxy section */

/* Begin PBXFileReference section */
		D730F1A51F992C6200C54FF8 /* ImageCaptureProcessor.swift */ = {isa = PBXFileReference; lastKnownFileType = sourcecode.swift; path = ImageCaptureProcessor.swift; sourceTree = "<group>"; };
		D753BC061F8F9F4F00105F22 /* CameraViewError.swift */ = {isa = PBXFileReference; lastKnownFileType = sourcecode.swift; path = CameraViewError.swift; sourceTree = "<group>"; };
		D753BC081F8FABA700105F22 /* CameraFlash.swift */ = {isa = PBXFileReference; lastKnownFileType = sourcecode.swift; path = CameraFlash.swift; sourceTree = "<group>"; };
		D7A883231F740DDC00BB1763 /* CameraView.swift */ = {isa = PBXFileReference; fileEncoding = 4; lastKnownFileType = sourcecode.swift; path = CameraView.swift; sourceTree = "<group>"; };
		D7A883251F740E1500BB1763 /* Resnet50.mlmodel */ = {isa = PBXFileReference; lastKnownFileType = file.mlmodel; path = Resnet50.mlmodel; sourceTree = "<group>"; };
		D7AF39951F7159EA006AFEFA /* AugmentedFood.app */ = {isa = PBXFileReference; explicitFileType = wrapper.application; includeInIndex = 0; path = AugmentedFood.app; sourceTree = BUILT_PRODUCTS_DIR; };
		D7AF39981F7159EA006AFEFA /* AppDelegate.swift */ = {isa = PBXFileReference; lastKnownFileType = sourcecode.swift; path = AppDelegate.swift; sourceTree = "<group>"; };
		D7AF399A1F7159EA006AFEFA /* LandingVC.swift */ = {isa = PBXFileReference; lastKnownFileType = sourcecode.swift; path = LandingVC.swift; sourceTree = "<group>"; };
		D7AF399F1F7159EA006AFEFA /* Assets.xcassets */ = {isa = PBXFileReference; lastKnownFileType = folder.assetcatalog; path = Assets.xcassets; sourceTree = "<group>"; };
		D7AF39A21F7159EA006AFEFA /* Base */ = {isa = PBXFileReference; lastKnownFileType = file.storyboard; name = Base; path = Base.lproj/LaunchScreen.storyboard; sourceTree = "<group>"; };
		D7AF39A41F7159EA006AFEFA /* Info.plist */ = {isa = PBXFileReference; lastKnownFileType = text.plist.xml; path = Info.plist; sourceTree = "<group>"; };
		D7AF39A91F7159EA006AFEFA /* AugmentedFoodTests.xctest */ = {isa = PBXFileReference; explicitFileType = wrapper.cfbundle; includeInIndex = 0; path = AugmentedFoodTests.xctest; sourceTree = BUILT_PRODUCTS_DIR; };
		D7AF39AD1F7159EA006AFEFA /* AugmentedFoodTests.swift */ = {isa = PBXFileReference; lastKnownFileType = sourcecode.swift; path = AugmentedFoodTests.swift; sourceTree = "<group>"; };
		D7AF39AF1F7159EA006AFEFA /* Info.plist */ = {isa = PBXFileReference; lastKnownFileType = text.plist.xml; path = Info.plist; sourceTree = "<group>"; };
		D7AF39B41F7159EA006AFEFA /* AugmentedFoodUITests.xctest */ = {isa = PBXFileReference; explicitFileType = wrapper.cfbundle; includeInIndex = 0; path = AugmentedFoodUITests.xctest; sourceTree = BUILT_PRODUCTS_DIR; };
		D7AF39B81F7159EA006AFEFA /* AugmentedFoodUITests.swift */ = {isa = PBXFileReference; lastKnownFileType = sourcecode.swift; path = AugmentedFoodUITests.swift; sourceTree = "<group>"; };
		D7AF39BA1F7159EA006AFEFA /* Info.plist */ = {isa = PBXFileReference; lastKnownFileType = text.plist.xml; path = Info.plist; sourceTree = "<group>"; };
/* End PBXFileReference section */

/* Begin PBXFrameworksBuildPhase section */
		D7AF39921F7159EA006AFEFA /* Frameworks */ = {
			isa = PBXFrameworksBuildPhase;
			buildActionMask = 2147483647;
			files = (
			);
			runOnlyForDeploymentPostprocessing = 0;
		};
		D7AF39A61F7159EA006AFEFA /* Frameworks */ = {
			isa = PBXFrameworksBuildPhase;
			buildActionMask = 2147483647;
			files = (
			);
			runOnlyForDeploymentPostprocessing = 0;
		};
		D7AF39B11F7159EA006AFEFA /* Frameworks */ = {
			isa = PBXFrameworksBuildPhase;
			buildActionMask = 2147483647;
			files = (
			);
			runOnlyForDeploymentPostprocessing = 0;
		};
/* End PBXFrameworksBuildPhase section */

/* Begin PBXGroup section */
		D7AF398C1F7159EA006AFEFA = {
			isa = PBXGroup;
			children = (
				D7AF39971F7159EA006AFEFA /* AugmentedFood */,
				D7AF39AC1F7159EA006AFEFA /* AugmentedFoodTests */,
				D7AF39B71F7159EA006AFEFA /* AugmentedFoodUITests */,
				D7AF39961F7159EA006AFEFA /* Products */,
			);
			sourceTree = "<group>";
		};
		D7AF39961F7159EA006AFEFA /* Products */ = {
			isa = PBXGroup;
			children = (
				D7AF39951F7159EA006AFEFA /* AugmentedFood.app */,
				D7AF39A91F7159EA006AFEFA /* AugmentedFoodTests.xctest */,
				D7AF39B41F7159EA006AFEFA /* AugmentedFoodUITests.xctest */,
			);
			name = Products;
			sourceTree = "<group>";
		};
		D7AF39971F7159EA006AFEFA /* AugmentedFood */ = {
			isa = PBXGroup;
			children = (
				D7AF39A41F7159EA006AFEFA /* Info.plist */,
				D7AF399A1F7159EA006AFEFA /* LandingVC.swift */,
				D7A883231F740DDC00BB1763 /* CameraView.swift */,
				D753BC061F8F9F4F00105F22 /* CameraViewError.swift */,
				D730F1A51F992C6200C54FF8 /* ImageCaptureProcessor.swift */,
				D753BC081F8FABA700105F22 /* CameraFlash.swift */,
				D7DE4A641F7A97FB00200FC3 /* Supporting Files */,
			);
			path = AugmentedFood;
			sourceTree = "<group>";
		};
		D7AF39AC1F7159EA006AFEFA /* AugmentedFoodTests */ = {
			isa = PBXGroup;
			children = (
				D7AF39AD1F7159EA006AFEFA /* AugmentedFoodTests.swift */,
				D7AF39AF1F7159EA006AFEFA /* Info.plist */,
			);
			path = AugmentedFoodTests;
			sourceTree = "<group>";
		};
		D7AF39B71F7159EA006AFEFA /* AugmentedFoodUITests */ = {
			isa = PBXGroup;
			children = (
				D7AF39B81F7159EA006AFEFA /* AugmentedFoodUITests.swift */,
				D7AF39BA1F7159EA006AFEFA /* Info.plist */,
			);
			path = AugmentedFoodUITests;
			sourceTree = "<group>";
		};
		D7DE4A641F7A97FB00200FC3 /* Supporting Files */ = {
			isa = PBXGroup;
			children = (
				D7AF39981F7159EA006AFEFA /* AppDelegate.swift */,
				D7A883251F740E1500BB1763 /* Resnet50.mlmodel */,
				D7AF39A11F7159EA006AFEFA /* LaunchScreen.storyboard */,
				D7AF399F1F7159EA006AFEFA /* Assets.xcassets */,
			);
			path = "Supporting Files";
			sourceTree = "<group>";
		};
/* End PBXGroup section */

/* Begin PBXNativeTarget section */
		D7AF39941F7159EA006AFEFA /* AugmentedFood */ = {
			isa = PBXNativeTarget;
			buildConfigurationList = D7AF39BD1F7159EA006AFEFA /* Build configuration list for PBXNativeTarget "AugmentedFood" */;
			buildPhases = (
				D7AF39911F7159EA006AFEFA /* Sources */,
				D7AF39921F7159EA006AFEFA /* Frameworks */,
				D7AF39931F7159EA006AFEFA /* Resources */,
			);
			buildRules = (
			);
			dependencies = (
			);
			name = AugmentedFood;
			productName = AugmentedFood;
			productReference = D7AF39951F7159EA006AFEFA /* AugmentedFood.app */;
			productType = "com.apple.product-type.application";
		};
		D7AF39A81F7159EA006AFEFA /* AugmentedFoodTests */ = {
			isa = PBXNativeTarget;
			buildConfigurationList = D7AF39C01F7159EA006AFEFA /* Build configuration list for PBXNativeTarget "AugmentedFoodTests" */;
			buildPhases = (
				D7AF39A51F7159EA006AFEFA /* Sources */,
				D7AF39A61F7159EA006AFEFA /* Frameworks */,
				D7AF39A71F7159EA006AFEFA /* Resources */,
			);
			buildRules = (
			);
			dependencies = (
				D7AF39AB1F7159EA006AFEFA /* PBXTargetDependency */,
			);
			name = AugmentedFoodTests;
			productName = AugmentedFoodTests;
			productReference = D7AF39A91F7159EA006AFEFA /* AugmentedFoodTests.xctest */;
			productType = "com.apple.product-type.bundle.unit-test";
		};
		D7AF39B31F7159EA006AFEFA /* AugmentedFoodUITests */ = {
			isa = PBXNativeTarget;
			buildConfigurationList = D7AF39C31F7159EA006AFEFA /* Build configuration list for PBXNativeTarget "AugmentedFoodUITests" */;
			buildPhases = (
				D7AF39B01F7159EA006AFEFA /* Sources */,
				D7AF39B11F7159EA006AFEFA /* Frameworks */,
				D7AF39B21F7159EA006AFEFA /* Resources */,
			);
			buildRules = (
			);
			dependencies = (
				D7AF39B61F7159EA006AFEFA /* PBXTargetDependency */,
			);
			name = AugmentedFoodUITests;
			productName = AugmentedFoodUITests;
			productReference = D7AF39B41F7159EA006AFEFA /* AugmentedFoodUITests.xctest */;
			productType = "com.apple.product-type.bundle.ui-testing";
		};
/* End PBXNativeTarget section */

/* Begin PBXProject section */
		D7AF398D1F7159EA006AFEFA /* Project object */ = {
			isa = PBXProject;
			attributes = {
				LastSwiftUpdateCheck = 0900;
				LastUpgradeCheck = 0900;
				ORGANIZATIONNAME = "Terrill Thorne";
				TargetAttributes = {
					D7AF39941F7159EA006AFEFA = {
						CreatedOnToolsVersion = 9.0;
						ProvisioningStyle = Automatic;
					};
					D7AF39A81F7159EA006AFEFA = {
						CreatedOnToolsVersion = 9.0;
						ProvisioningStyle = Automatic;
						TestTargetID = D7AF39941F7159EA006AFEFA;
					};
					D7AF39B31F7159EA006AFEFA = {
						CreatedOnToolsVersion = 9.0;
						ProvisioningStyle = Automatic;
						TestTargetID = D7AF39941F7159EA006AFEFA;
					};
				};
			};
			buildConfigurationList = D7AF39901F7159EA006AFEFA /* Build configuration list for PBXProject "AugmentedFood" */;
			compatibilityVersion = "Xcode 8.0";
			developmentRegion = en;
			hasScannedForEncodings = 0;
			knownRegions = (
				en,
				Base,
			);
			mainGroup = D7AF398C1F7159EA006AFEFA;
			productRefGroup = D7AF39961F7159EA006AFEFA /* Products */;
			projectDirPath = "";
			projectRoot = "";
			targets = (
				D7AF39941F7159EA006AFEFA /* AugmentedFood */,
				D7AF39A81F7159EA006AFEFA /* AugmentedFoodTests */,
				D7AF39B31F7159EA006AFEFA /* AugmentedFoodUITests */,
			);
		};
/* End PBXProject section */

/* Begin PBXResourcesBuildPhase section */
		D7AF39931F7159EA006AFEFA /* Resources */ = {
			isa = PBXResourcesBuildPhase;
			buildActionMask = 2147483647;
			files = (
				D7AF39A31F7159EA006AFEFA /* LaunchScreen.storyboard in Resources */,
				D7AF39A01F7159EA006AFEFA /* Assets.xcassets in Resources */,
			);
			runOnlyForDeploymentPostprocessing = 0;
		};
		D7AF39A71F7159EA006AFEFA /* Resources */ = {
			isa = PBXResourcesBuildPhase;
			buildActionMask = 2147483647;
			files = (
			);
			runOnlyForDeploymentPostprocessing = 0;
		};
		D7AF39B21F7159EA006AFEFA /* Resources */ = {
			isa = PBXResourcesBuildPhase;
			buildActionMask = 2147483647;
			files = (
			);
			runOnlyForDeploymentPostprocessing = 0;
		};
/* End PBXResourcesBuildPhase section */

/* Begin PBXSourcesBuildPhase section */
		D7AF39911F7159EA006AFEFA /* Sources */ = {
			isa = PBXSourcesBuildPhase;
			buildActionMask = 2147483647;
			files = (
				D7A883241F740DDC00BB1763 /* CameraView.swift in Sources */,
				D753BC091F8FABA700105F22 /* CameraFlash.swift in Sources */,
				D7DE4A611F7A83DE00200FC3 /* Resnet50.mlmodel in Sources */,
				D7AF399B1F7159EA006AFEFA /* LandingVC.swift in Sources */,
				D730F1A61F992C6200C54FF8 /* ImageCaptureProcessor.swift in Sources */,
				D7AF39991F7159EA006AFEFA /* AppDelegate.swift in Sources */,
				D753BC071F8F9F4F00105F22 /* CameraViewError.swift in Sources */,
			);
			runOnlyForDeploymentPostprocessing = 0;
		};
		D7AF39A51F7159EA006AFEFA /* Sources */ = {
			isa = PBXSourcesBuildPhase;
			buildActionMask = 2147483647;
			files = (
				D7AF39AE1F7159EA006AFEFA /* AugmentedFoodTests.swift in Sources */,
			);
			runOnlyForDeploymentPostprocessing = 0;
		};
		D7AF39B01F7159EA006AFEFA /* Sources */ = {
			isa = PBXSourcesBuildPhase;
			buildActionMask = 2147483647;
			files = (
				D7AF39B91F7159EA006AFEFA /* AugmentedFoodUITests.swift in Sources */,
			);
			runOnlyForDeploymentPostprocessing = 0;
		};
/* End PBXSourcesBuildPhase section */

/* Begin PBXTargetDependency section */
		D7AF39AB1F7159EA006AFEFA /* PBXTargetDependency */ = {
			isa = PBXTargetDependency;
			target = D7AF39941F7159EA006AFEFA /* AugmentedFood */;
			targetProxy = D7AF39AA1F7159EA006AFEFA /* PBXContainerItemProxy */;
		};
		D7AF39B61F7159EA006AFEFA /* PBXTargetDependency */ = {
			isa = PBXTargetDependency;
			target = D7AF39941F7159EA006AFEFA /* AugmentedFood */;
			targetProxy = D7AF39B51F7159EA006AFEFA /* PBXContainerItemProxy */;
		};
/* End PBXTargetDependency section */

/* Begin PBXVariantGroup section */
		D7AF39A11F7159EA006AFEFA /* LaunchScreen.storyboard */ = {
			isa = PBXVariantGroup;
			children = (
				D7AF39A21F7159EA006AFEFA /* Base */,
			);
			name = LaunchScreen.storyboard;
			sourceTree = "<group>";
		};
/* End PBXVariantGroup section */

/* Begin XCBuildConfiguration section */
		D7AF39BB1F7159EA006AFEFA /* Debug */ = {
			isa = XCBuildConfiguration;
			buildSettings = {
				ALWAYS_SEARCH_USER_PATHS = NO;
				CLANG_ANALYZER_NONNULL = YES;
				CLANG_ANALYZER_NUMBER_OBJECT_CONVERSION = YES_AGGRESSIVE;
				CLANG_CXX_LANGUAGE_STANDARD = "gnu++14";
				CLANG_CXX_LIBRARY = "libc++";
				CLANG_ENABLE_MODULES = YES;
				CLANG_ENABLE_OBJC_ARC = YES;
				CLANG_WARN_BLOCK_CAPTURE_AUTORELEASING = YES;
				CLANG_WARN_BOOL_CONVERSION = YES;
				CLANG_WARN_COMMA = YES;
				CLANG_WARN_CONSTANT_CONVERSION = YES;
				CLANG_WARN_DIRECT_OBJC_ISA_USAGE = YES_ERROR;
				CLANG_WARN_DOCUMENTATION_COMMENTS = YES;
				CLANG_WARN_EMPTY_BODY = YES;
				CLANG_WARN_ENUM_CONVERSION = YES;
				CLANG_WARN_INFINITE_RECURSION = YES;
				CLANG_WARN_INT_CONVERSION = YES;
				CLANG_WARN_NON_LITERAL_NULL_CONVERSION = YES;
				CLANG_WARN_OBJC_LITERAL_CONVERSION = YES;
				CLANG_WARN_OBJC_ROOT_CLASS = YES_ERROR;
				CLANG_WARN_RANGE_LOOP_ANALYSIS = YES;
				CLANG_WARN_STRICT_PROTOTYPES = YES;
				CLANG_WARN_SUSPICIOUS_MOVE = YES;
				CLANG_WARN_UNGUARDED_AVAILABILITY = YES_AGGRESSIVE;
				CLANG_WARN_UNREACHABLE_CODE = YES;
				CLANG_WARN__DUPLICATE_METHOD_MATCH = YES;
				CODE_SIGN_IDENTITY = "iPhone Developer";
				COPY_PHASE_STRIP = NO;
				DEBUG_INFORMATION_FORMAT = dwarf;
				ENABLE_STRICT_OBJC_MSGSEND = YES;
				ENABLE_TESTABILITY = YES;
				GCC_C_LANGUAGE_STANDARD = gnu11;
				GCC_DYNAMIC_NO_PIC = NO;
				GCC_NO_COMMON_BLOCKS = YES;
				GCC_OPTIMIZATION_LEVEL = 0;
				GCC_PREPROCESSOR_DEFINITIONS = (
					"DEBUG=1",
					"$(inherited)",
				);
				GCC_WARN_64_TO_32_BIT_CONVERSION = YES;
				GCC_WARN_ABOUT_RETURN_TYPE = YES_ERROR;
				GCC_WARN_UNDECLARED_SELECTOR = YES;
				GCC_WARN_UNINITIALIZED_AUTOS = YES_AGGRESSIVE;
				GCC_WARN_UNUSED_FUNCTION = YES;
				GCC_WARN_UNUSED_VARIABLE = YES;
				IPHONEOS_DEPLOYMENT_TARGET = 11.0;
				MTL_ENABLE_DEBUG_INFO = YES;
				ONLY_ACTIVE_ARCH = YES;
				SDKROOT = iphoneos;
				SWIFT_ACTIVE_COMPILATION_CONDITIONS = DEBUG;
				SWIFT_OPTIMIZATION_LEVEL = "-Onone";
			};
			name = Debug;
		};
		D7AF39BC1F7159EA006AFEFA /* Release */ = {
			isa = XCBuildConfiguration;
			buildSettings = {
				ALWAYS_SEARCH_USER_PATHS = NO;
				CLANG_ANALYZER_NONNULL = YES;
				CLANG_ANALYZER_NUMBER_OBJECT_CONVERSION = YES_AGGRESSIVE;
				CLANG_CXX_LANGUAGE_STANDARD = "gnu++14";
				CLANG_CXX_LIBRARY = "libc++";
				CLANG_ENABLE_MODULES = YES;
				CLANG_ENABLE_OBJC_ARC = YES;
				CLANG_WARN_BLOCK_CAPTURE_AUTORELEASING = YES;
				CLANG_WARN_BOOL_CONVERSION = YES;
				CLANG_WARN_COMMA = YES;
				CLANG_WARN_CONSTANT_CONVERSION = YES;
				CLANG_WARN_DIRECT_OBJC_ISA_USAGE = YES_ERROR;
				CLANG_WARN_DOCUMENTATION_COMMENTS = YES;
				CLANG_WARN_EMPTY_BODY = YES;
				CLANG_WARN_ENUM_CONVERSION = YES;
				CLANG_WARN_INFINITE_RECURSION = YES;
				CLANG_WARN_INT_CONVERSION = YES;
				CLANG_WARN_NON_LITERAL_NULL_CONVERSION = YES;
				CLANG_WARN_OBJC_LITERAL_CONVERSION = YES;
				CLANG_WARN_OBJC_ROOT_CLASS = YES_ERROR;
				CLANG_WARN_RANGE_LOOP_ANALYSIS = YES;
				CLANG_WARN_STRICT_PROTOTYPES = YES;
				CLANG_WARN_SUSPICIOUS_MOVE = YES;
				CLANG_WARN_UNGUARDED_AVAILABILITY = YES_AGGRESSIVE;
				CLANG_WARN_UNREACHABLE_CODE = YES;
				CLANG_WARN__DUPLICATE_METHOD_MATCH = YES;
				CODE_SIGN_IDENTITY = "iPhone Developer";
				COPY_PHASE_STRIP = NO;
				DEBUG_INFORMATION_FORMAT = "dwarf-with-dsym";
				ENABLE_NS_ASSERTIONS = NO;
				ENABLE_STRICT_OBJC_MSGSEND = YES;
				GCC_C_LANGUAGE_STANDARD = gnu11;
				GCC_NO_COMMON_BLOCKS = YES;
				GCC_WARN_64_TO_32_BIT_CONVERSION = YES;
				GCC_WARN_ABOUT_RETURN_TYPE = YES_ERROR;
				GCC_WARN_UNDECLARED_SELECTOR = YES;
				GCC_WARN_UNINITIALIZED_AUTOS = YES_AGGRESSIVE;
				GCC_WARN_UNUSED_FUNCTION = YES;
				GCC_WARN_UNUSED_VARIABLE = YES;
				IPHONEOS_DEPLOYMENT_TARGET = 11.0;
				MTL_ENABLE_DEBUG_INFO = NO;
				SDKROOT = iphoneos;
				SWIFT_OPTIMIZATION_LEVEL = "-Owholemodule";
				VALIDATE_PRODUCT = YES;
			};
			name = Release;
		};
		D7AF39BE1F7159EA006AFEFA /* Debug */ = {
			isa = XCBuildConfiguration;
			buildSettings = {
				ASSETCATALOG_COMPILER_APPICON_NAME = AppIcon;
				"CODE_SIGN_IDENTITY[sdk=iphoneos*]" = "iPhone Developer";
				CODE_SIGN_STYLE = Automatic;
				DEVELOPMENT_TEAM = UG892XBK75;
				INFOPLIST_FILE = AugmentedFood/Info.plist;
				LD_RUNPATH_SEARCH_PATHS = "$(inherited) @executable_path/Frameworks";
				PRODUCT_BUNDLE_IDENTIFIER = "Augmented Food Bundle";
				PRODUCT_NAME = "$(TARGET_NAME)";
				PROVISIONING_PROFILE = "";
				PROVISIONING_PROFILE_SPECIFIER = "";
				SWIFT_VERSION = 4.0;
				TARGETED_DEVICE_FAMILY = 1;
			};
			name = Debug;
		};
		D7AF39BF1F7159EA006AFEFA /* Release */ = {
			isa = XCBuildConfiguration;
			buildSettings = {
				ASSETCATALOG_COMPILER_APPICON_NAME = AppIcon;
				"CODE_SIGN_IDENTITY[sdk=iphoneos*]" = "iPhone Developer";
				CODE_SIGN_STYLE = Automatic;
				DEVELOPMENT_TEAM = UG892XBK75;
				INFOPLIST_FILE = AugmentedFood/Info.plist;
				LD_RUNPATH_SEARCH_PATHS = "$(inherited) @executable_path/Frameworks";
				PRODUCT_BUNDLE_IDENTIFIER = "Augmented Food Bundle";
				PRODUCT_NAME = "$(TARGET_NAME)";
				PROVISIONING_PROFILE = "";
				PROVISIONING_PROFILE_SPECIFIER = "";
				SWIFT_VERSION = 4.0;
				TARGETED_DEVICE_FAMILY = 1;
			};
			name = Release;
		};
		D7AF39C11F7159EA006AFEFA /* Debug */ = {
			isa = XCBuildConfiguration;
			buildSettings = {
				ALWAYS_EMBED_SWIFT_STANDARD_LIBRARIES = YES;
				BUNDLE_LOADER = "$(TEST_HOST)";
				CODE_SIGN_STYLE = Automatic;
				DEVELOPMENT_TEAM = P2NLM369Z9;
				INFOPLIST_FILE = AugmentedFoodTests/Info.plist;
				LD_RUNPATH_SEARCH_PATHS = "$(inherited) @executable_path/Frameworks @loader_path/Frameworks";
				PRODUCT_BUNDLE_IDENTIFIER = "t.thorne96-yahoo.com.AugmentedFoodTests";
				PRODUCT_NAME = "$(TARGET_NAME)";
				SWIFT_VERSION = 4.0;
				TARGETED_DEVICE_FAMILY = "1,2";
				TEST_HOST = "$(BUILT_PRODUCTS_DIR)/AugmentedFood.app/AugmentedFood";
			};
			name = Debug;
		};
		D7AF39C21F7159EA006AFEFA /* Release */ = {
			isa = XCBuildConfiguration;
			buildSettings = {
				ALWAYS_EMBED_SWIFT_STANDARD_LIBRARIES = YES;
				BUNDLE_LOADER = "$(TEST_HOST)";
				CODE_SIGN_STYLE = Automatic;
				DEVELOPMENT_TEAM = P2NLM369Z9;
				INFOPLIST_FILE = AugmentedFoodTests/Info.plist;
				LD_RUNPATH_SEARCH_PATHS = "$(inherited) @executable_path/Frameworks @loader_path/Frameworks";
				PRODUCT_BUNDLE_IDENTIFIER = "t.thorne96-yahoo.com.AugmentedFoodTests";
				PRODUCT_NAME = "$(TARGET_NAME)";
				SWIFT_VERSION = 4.0;
				TARGETED_DEVICE_FAMILY = "1,2";
				TEST_HOST = "$(BUILT_PRODUCTS_DIR)/AugmentedFood.app/AugmentedFood";
			};
			name = Release;
		};
		D7AF39C41F7159EA006AFEFA /* Debug */ = {
			isa = XCBuildConfiguration;
			buildSettings = {
				ALWAYS_EMBED_SWIFT_STANDARD_LIBRARIES = YES;
				CODE_SIGN_STYLE = Automatic;
				DEVELOPMENT_TEAM = P2NLM369Z9;
				INFOPLIST_FILE = AugmentedFoodUITests/Info.plist;
				LD_RUNPATH_SEARCH_PATHS = "$(inherited) @executable_path/Frameworks @loader_path/Frameworks";
				PRODUCT_BUNDLE_IDENTIFIER = "t.thorne96-yahoo.com.AugmentedFoodUITests";
				PRODUCT_NAME = "$(TARGET_NAME)";
				SWIFT_VERSION = 4.0;
				TARGETED_DEVICE_FAMILY = "1,2";
				TEST_TARGET_NAME = AugmentedFood;
			};
			name = Debug;
		};
		D7AF39C51F7159EA006AFEFA /* Release */ = {
			isa = XCBuildConfiguration;
			buildSettings = {
				ALWAYS_EMBED_SWIFT_STANDARD_LIBRARIES = YES;
				CODE_SIGN_STYLE = Automatic;
				DEVELOPMENT_TEAM = P2NLM369Z9;
				INFOPLIST_FILE = AugmentedFoodUITests/Info.plist;
				LD_RUNPATH_SEARCH_PATHS = "$(inherited) @executable_path/Frameworks @loader_path/Frameworks";
				PRODUCT_BUNDLE_IDENTIFIER = "t.thorne96-yahoo.com.AugmentedFoodUITests";
				PRODUCT_NAME = "$(TARGET_NAME)";
				SWIFT_VERSION = 4.0;
				TARGETED_DEVICE_FAMILY = "1,2";
				TEST_TARGET_NAME = AugmentedFood;
			};
			name = Release;
		};
/* End XCBuildConfiguration section */

/* Begin XCConfigurationList section */
		D7AF39901F7159EA006AFEFA /* Build configuration list for PBXProject "AugmentedFood" */ = {
			isa = XCConfigurationList;
			buildConfigurations = (
				D7AF39BB1F7159EA006AFEFA /* Debug */,
				D7AF39BC1F7159EA006AFEFA /* Release */,
			);
			defaultConfigurationIsVisible = 0;
			defaultConfigurationName = Release;
		};
		D7AF39BD1F7159EA006AFEFA /* Build configuration list for PBXNativeTarget "AugmentedFood" */ = {
			isa = XCConfigurationList;
			buildConfigurations = (
				D7AF39BE1F7159EA006AFEFA /* Debug */,
				D7AF39BF1F7159EA006AFEFA /* Release */,
			);
			defaultConfigurationIsVisible = 0;
			defaultConfigurationName = Release;
		};
		D7AF39C01F7159EA006AFEFA /* Build configuration list for PBXNativeTarget "AugmentedFoodTests" */ = {
			isa = XCConfigurationList;
			buildConfigurations = (
				D7AF39C11F7159EA006AFEFA /* Debug */,
				D7AF39C21F7159EA006AFEFA /* Release */,
			);
			defaultConfigurationIsVisible = 0;
			defaultConfigurationName = Release;
		};
		D7AF39C31F7159EA006AFEFA /* Build configuration list for PBXNativeTarget "AugmentedFoodUITests" */ = {
			isa = XCConfigurationList;
			buildConfigurations = (
				D7AF39C41F7159EA006AFEFA /* Debug */,
				D7AF39C51F7159EA006AFEFA /* Release */,
			);
			defaultConfigurationIsVisible = 0;
			defaultConfigurationName = Release;
		};
/* End XCConfigurationList section */
	};
	rootObject = D7AF398D1F7159EA006AFEFA /* Project object */;
}
